{
  "requires": true,
  "lockfileVersion": 1,
  "dependencies": {
    "react-daum-postcode": {
      "version": "3.1.1",
      "resolved": "https://registry.npmjs.org/react-daum-postcode/-/react-daum-postcode-3.1.1.tgz",
      "integrity": "sha512-IFlC8XBSK+uobSIBHaWlxeecYpv9RhCFNu4YJ3+CrfGyEVdc4+yaaUH6BIfJbTZOybVx0V3s4nUeAEsssXBNJg=="
    }
  }
}
